// !$*UTF8*$!
{
	archiveVersion = 1;
	classes = {
	};
	objectVersion = 55;
	objects = {

/* Begin PBXBuildFile section */
		99F04A3D27F67B1900C8A16B /* Simple_StopwatchApp.swift in Sources */ = {isa = PBXBuildFile; fileRef = 99F04A3C27F67B1900C8A16B /* Simple_StopwatchApp.swift */; };
		99F04A3F27F67B1900C8A16B /* ContentView.swift in Sources */ = {isa = PBXBuildFile; fileRef = 99F04A3E27F67B1900C8A16B /* ContentView.swift */; };
		99F04A4127F67B1A00C8A16B /* Assets.xcassets in Resources */ = {isa = PBXBuildFile; fileRef = 99F04A4027F67B1A00C8A16B /* Assets.xcassets */; };
		99F04A4427F67B1A00C8A16B /* Preview Assets.xcassets in Resources */ = {isa = PBXBuildFile; fileRef = 99F04A4327F67B1A00C8A16B /* Preview Assets.xcassets */; };
		99F04A4E27F67B1A00C8A16B /* Simple_StopwatchTests.swift in Sources */ = {isa = PBXBuildFile; fileRef = 99F04A4D27F67B1A00C8A16B /* Simple_StopwatchTests.swift */; };
		99F04A5827F67B1A00C8A16B /* Simple_StopwatchUITests.swift in Sources */ = {isa = PBXBuildFile; fileRef = 99F04A5727F67B1A00C8A16B /* Simple_StopwatchUITests.swift */; };
		99F04A5A27F67B1A00C8A16B /* Simple_StopwatchUITestsLaunchTests.swift in Sources */ = {isa = PBXBuildFile; fileRef = 99F04A5927F67B1A00C8A16B /* Simple_StopwatchUITestsLaunchTests.swift */; };
/* End PBXBuildFile section */

/* Begin PBXContainerItemProxy section */
		99F04A4A27F67B1A00C8A16B /* PBXContainerItemProxy */ = {
			isa = PBXContainerItemProxy;
			containerPortal = 99F04A3127F67B1900C8A16B /* Project object */;
			proxyType = 1;
			remoteGlobalIDString = 99F04A3827F67B1900C8A16B;
			remoteInfo = "Simple Stopwatch";
		};
		99F04A5427F67B1A00C8A16B /* PBXContainerItemProxy */ = {
			isa = PBXContainerItemProxy;
			containerPortal = 99F04A3127F67B1900C8A16B /* Project object */;
			proxyType = 1;
			remoteGlobalIDString = 99F04A3827F67B1900C8A16B;
			remoteInfo = "Simple Stopwatch";
		};
/* End PBXContainerItemProxy section */

/* Begin PBXFileReference section */
		99F04A3927F67B1900C8A16B /* Simple Stopwatch.app */ = {isa = PBXFileReference; explicitFileType = wrapper.application; includeInIndex = 0; path = "Simple Stopwatch.app"; sourceTree = BUILT_PRODUCTS_DIR; };
		99F04A3C27F67B1900C8A16B /* Simple_StopwatchApp.swift */ = {isa = PBXFileReference; lastKnownFileType = sourcecode.swift; path = Simple_StopwatchApp.swift; sourceTree = "<group>"; };
		99F04A3E27F67B1900C8A16B /* ContentView.swift */ = {isa = PBXFileReference; lastKnownFileType = sourcecode.swift; path = ContentView.swift; sourceTree = "<group>"; };
		99F04A4027F67B1A00C8A16B /* Assets.xcassets */ = {isa = PBXFileReference; lastKnownFileType = folder.assetcatalog; path = Assets.xcassets; sourceTree = "<group>"; };
		99F04A4327F67B1A00C8A16B /* Preview Assets.xcassets */ = {isa = PBXFileReference; lastKnownFileType = folder.assetcatalog; path = "Preview Assets.xcassets"; sourceTree = "<group>"; };
		99F04A4927F67B1A00C8A16B /* Simple StopwatchTests.xctest */ = {isa = PBXFileReference; explicitFileType = wrapper.cfbundle; includeInIndex = 0; path = "Simple StopwatchTests.xctest"; sourceTree = BUILT_PRODUCTS_DIR; };
		99F04A4D27F67B1A00C8A16B /* Simple_StopwatchTests.swift */ = {isa = PBXFileReference; lastKnownFileType = sourcecode.swift; path = Simple_StopwatchTests.swift; sourceTree = "<group>"; };
		99F04A5327F67B1A00C8A16B /* Simple StopwatchUITests.xctest */ = {isa = PBXFileReference; explicitFileType = wrapper.cfbundle; includeInIndex = 0; path = "Simple StopwatchUITests.xctest"; sourceTree = BUILT_PRODUCTS_DIR; };
		99F04A5727F67B1A00C8A16B /* Simple_StopwatchUITests.swift */ = {isa = PBXFileReference; lastKnownFileType = sourcecode.swift; path = Simple_StopwatchUITests.swift; sourceTree = "<group>"; };
		99F04A5927F67B1A00C8A16B /* Simple_StopwatchUITestsLaunchTests.swift */ = {isa = PBXFileReference; lastKnownFileType = sourcecode.swift; path = Simple_StopwatchUITestsLaunchTests.swift; sourceTree = "<group>"; };
/* End PBXFileReference section */

/* Begin PBXFrameworksBuildPhase section */
		99F04A3627F67B1900C8A16B /* Frameworks */ = {
			isa = PBXFrameworksBuildPhase;
			buildActionMask = 2147483647;
			files = (
			);
			runOnlyForDeploymentPostprocessing = 0;
		};
		99F04A4627F67B1A00C8A16B /* Frameworks */ = {
			isa = PBXFrameworksBuildPhase;
			buildActionMask = 2147483647;
			files = (
			);
			runOnlyForDeploymentPostprocessing = 0;
		};
		99F04A5027F67B1A00C8A16B /* Frameworks */ = {
			isa = PBXFrameworksBuildPhase;
			buildActionMask = 2147483647;
			files = (
			);
			runOnlyForDeploymentPostprocessing = 0;
		};
/* End PBXFrameworksBuildPhase section */

/* Begin PBXGroup section */
		99F04A3027F67B1900C8A16B = {
			isa = PBXGroup;
			children = (
				99F04A3B27F67B1900C8A16B /* Simple Stopwatch */,
				99F04A4C27F67B1A00C8A16B /* Simple StopwatchTests */,
				99F04A5627F67B1A00C8A16B /* Simple StopwatchUITests */,
				99F04A3A27F67B1900C8A16B /* Products */,
			);
			sourceTree = "<group>";
		};
		99F04A3A27F67B1900C8A16B /* Products */ = {
			isa = PBXGroup;
			children = (
				99F04A3927F67B1900C8A16B /* Simple Stopwatch.app */,
				99F04A4927F67B1A00C8A16B /* Simple StopwatchTests.xctest */,
				99F04A5327F67B1A00C8A16B /* Simple StopwatchUITests.xctest */,
			);
			name = Products;
			sourceTree = "<group>";
		};
		99F04A3B27F67B1900C8A16B /* Simple Stopwatch */ = {
			isa = PBXGroup;
			children = (
				99F04A3C27F67B1900C8A16B /* Simple_StopwatchApp.swift */,
				99F04A3E27F67B1900C8A16B /* ContentView.swift */,
				99F04A4027F67B1A00C8A16B /* Assets.xcassets */,
				99F04A4227F67B1A00C8A16B /* Preview Content */,
			);
			path = "Simple Stopwatch";
			sourceTree = "<group>";
		};
		99F04A4227F67B1A00C8A16B /* Preview Content */ = {
			isa = PBXGroup;
			children = (
				99F04A4327F67B1A00C8A16B /* Preview Assets.xcassets */,
			);
			path = "Preview Content";
			sourceTree = "<group>";
		};
		99F04A4C27F67B1A00C8A16B /* Simple StopwatchTests */ = {
			isa = PBXGroup;
			children = (
				99F04A4D27F67B1A00C8A16B /* Simple_StopwatchTests.swift */,
			);
			path = "Simple StopwatchTests";
			sourceTree = "<group>";
		};
		99F04A5627F67B1A00C8A16B /* Simple StopwatchUITests */ = {
			isa = PBXGroup;
			children = (
				99F04A5727F67B1A00C8A16B /* Simple_StopwatchUITests.swift */,
				99F04A5927F67B1A00C8A16B /* Simple_StopwatchUITestsLaunchTests.swift */,
			);
			path = "Simple StopwatchUITests";
			sourceTree = "<group>";
		};
/* End PBXGroup section */

/* Begin PBXNativeTarget section */
		99F04A3827F67B1900C8A16B /* Simple Stopwatch */ = {
			isa = PBXNativeTarget;
			buildConfigurationList = 99F04A5D27F67B1A00C8A16B /* Build configuration list for PBXNativeTarget "Simple Stopwatch" */;
			buildPhases = (
				99F04A3527F67B1900C8A16B /* Sources */,
				99F04A3627F67B1900C8A16B /* Frameworks */,
				99F04A3727F67B1900C8A16B /* Resources */,
			);
			buildRules = (
			);
			dependencies = (
			);
			name = "Simple Stopwatch";
			productName = "Simple Stopwatch";
			productReference = 99F04A3927F67B1900C8A16B /* Simple Stopwatch.app */;
			productType = "com.apple.product-type.application";
		};
		99F04A4827F67B1A00C8A16B /* Simple StopwatchTests */ = {
			isa = PBXNativeTarget;
			buildConfigurationList = 99F04A6027F67B1A00C8A16B /* Build configuration list for PBXNativeTarget "Simple StopwatchTests" */;
			buildPhases = (
				99F04A4527F67B1A00C8A16B /* Sources */,
				99F04A4627F67B1A00C8A16B /* Frameworks */,
				99F04A4727F67B1A00C8A16B /* Resources */,
			);
			buildRules = (
			);
			dependencies = (
				99F04A4B27F67B1A00C8A16B /* PBXTargetDependency */,
			);
			name = "Simple StopwatchTests";
			productName = "Simple StopwatchTests";
			productReference = 99F04A4927F67B1A00C8A16B /* Simple StopwatchTests.xctest */;
			productType = "com.apple.product-type.bundle.unit-test";
		};
		99F04A5227F67B1A00C8A16B /* Simple StopwatchUITests */ = {
			isa = PBXNativeTarget;
			buildConfigurationList = 99F04A6327F67B1A00C8A16B /* Build configuration list for PBXNativeTarget "Simple StopwatchUITests" */;
			buildPhases = (
				99F04A4F27F67B1A00C8A16B /* Sources */,
				99F04A5027F67B1A00C8A16B /* Frameworks */,
				99F04A5127F67B1A00C8A16B /* Resources */,
			);
			buildRules = (
			);
			dependencies = (
				99F04A5527F67B1A00C8A16B /* PBXTargetDependency */,
			);
			name = "Simple StopwatchUITests";
			productName = "Simple StopwatchUITests";
			productReference = 99F04A5327F67B1A00C8A16B /* Simple StopwatchUITests.xctest */;
			productType = "com.apple.product-type.bundle.ui-testing";
		};
/* End PBXNativeTarget section */

/* Begin PBXProject section */
		99F04A3127F67B1900C8A16B /* Project object */ = {
			isa = PBXProject;
			attributes = {
				BuildIndependentTargetsInParallel = 1;
				LastSwiftUpdateCheck = 1300;
				LastUpgradeCheck = 1300;
				TargetAttributes = {
					99F04A3827F67B1900C8A16B = {
						CreatedOnToolsVersion = 13.0;
					};
					99F04A4827F67B1A00C8A16B = {
						CreatedOnToolsVersion = 13.0;
						TestTargetID = 99F04A3827F67B1900C8A16B;
					};
					99F04A5227F67B1A00C8A16B = {
						CreatedOnToolsVersion = 13.0;
						TestTargetID = 99F04A3827F67B1900C8A16B;
					};
				};
			};
			buildConfigurationList = 99F04A3427F67B1900C8A16B /* Build configuration list for PBXProject "Simple Stopwatch" */;
			compatibilityVersion = "Xcode 13.0";
			developmentRegion = en;
			hasScannedForEncodings = 0;
			knownRegions = (
				en,
				Base,
			);
			mainGroup = 99F04A3027F67B1900C8A16B;
			productRefGroup = 99F04A3A27F67B1900C8A16B /* Products */;
			projectDirPath = "";
			projectRoot = "";
			targets = (
				99F04A3827F67B1900C8A16B /* Simple Stopwatch */,
				99F04A4827F67B1A00C8A16B /* Simple StopwatchTests */,
				99F04A5227F67B1A00C8A16B /* Simple StopwatchUITests */,
			);
		};
/* End PBXProject section */

/* Begin PBXResourcesBuildPhase section */
		99F04A3727F67B1900C8A16B /* Resources */ = {
			isa = PBXResourcesBuildPhase;
			buildActionMask = 2147483647;
			files = (
				99F04A4427F67B1A00C8A16B /* Preview Assets.xcassets in Resources */,
				99F04A4127F67B1A00C8A16B /* Assets.xcassets in Resources */,
			);
			runOnlyForDeploymentPostprocessing = 0;
		};
		99F04A4727F67B1A00C8A16B /* Resources */ = {
			isa = PBXResourcesBuildPhase;
			buildActionMask = 2147483647;
			files = (
			);
			runOnlyForDeploymentPostprocessing = 0;
		};
		99F04A5127F67B1A00C8A16B /* Resources */ = {
			isa = PBXResourcesBuildPhase;
			buildActionMask = 2147483647;
			files = (
			);
			runOnlyForDeploymentPostprocessing = 0;
		};
/* End PBXResourcesBuildPhase section */

/* Begin PBXSourcesBuildPhase section */
		99F04A3527F67B1900C8A16B /* Sources */ = {
			isa = PBXSourcesBuildPhase;
			buildActionMask = 2147483647;
			files = (
				99F04A3F27F67B1900C8A16B /* ContentView.swift in Sources */,
				99F04A3D27F67B1900C8A16B /* Simple_StopwatchApp.swift in Sources */,
			);
			runOnlyForDeploymentPostprocessing = 0;
		};
		99F04A4527F67B1A00C8A16B /* Sources */ = {
			isa = PBXSourcesBuildPhase;
			buildActionMask = 2147483647;
			files = (
				99F04A4E27F67B1A00C8A16B /* Simple_StopwatchTests.swift in Sources */,
			);
			runOnlyForDeploymentPostprocessing = 0;
		};
		99F04A4F27F67B1A00C8A16B /* Sources */ = {
			isa = PBXSourcesBuildPhase;
			buildActionMask = 2147483647;
			files = (
				99F04A5A27F67B1A00C8A16B /* Simple_StopwatchUITestsLaunchTests.swift in Sources */,
				99F04A5827F67B1A00C8A16B /* Simple_StopwatchUITests.swift in Sources */,
			);
			runOnlyForDeploymentPostprocessing = 0;
		};
/* End PBXSourcesBuildPhase section */

/* Begin PBXTargetDependency section */
		99F04A4B27F67B1A00C8A16B /* PBXTargetDependency */ = {
			isa = PBXTargetDependency;
			target = 99F04A3827F67B1900C8A16B /* Simple Stopwatch */;
			targetProxy = 99F04A4A27F67B1A00C8A16B /* PBXContainerItemProxy */;
		};
		99F04A5527F67B1A00C8A16B /* PBXTargetDependency */ = {
			isa = PBXTargetDependency;
			target = 99F04A3827F67B1900C8A16B /* Simple Stopwatch */;
			targetProxy = 99F04A5427F67B1A00C8A16B /* PBXContainerItemProxy */;
		};
/* End PBXTargetDependency section */

/* Begin XCBuildConfiguration section */
		99F04A5B27F67B1A00C8A16B /* Debug */ = {
			isa = XCBuildConfiguration;
			buildSettings = {
				ALWAYS_SEARCH_USER_PATHS = NO;
				CLANG_ANALYZER_NONNULL = YES;
				CLANG_ANALYZER_NUMBER_OBJECT_CONVERSION = YES_AGGRESSIVE;
				CLANG_CXX_LANGUAGE_STANDARD = "gnu++17";
				CLANG_CXX_LIBRARY = "libc++";
				CLANG_ENABLE_MODULES = YES;
				CLANG_ENABLE_OBJC_ARC = YES;
				CLANG_ENABLE_OBJC_WEAK = YES;
				CLANG_WARN_BLOCK_CAPTURE_AUTORELEASING = YES;
				CLANG_WARN_BOOL_CONVERSION = YES;
				CLANG_WARN_COMMA = YES;
				CLANG_WARN_CONSTANT_CONVERSION = YES;
				CLANG_WARN_DEPRECATED_OBJC_IMPLEMENTATIONS = YES;
				CLANG_WARN_DIRECT_OBJC_ISA_USAGE = YES_ERROR;
				CLANG_WARN_DOCUMENTATION_COMMENTS = YES;
				CLANG_WARN_EMPTY_BODY = YES;
				CLANG_WARN_ENUM_CONVERSION = YES;
				CLANG_WARN_INFINITE_RECURSION = YES;
				CLANG_WARN_INT_CONVERSION = YES;
				CLANG_WARN_NON_LITERAL_NULL_CONVERSION = YES;
				CLANG_WARN_OBJC_IMPLICIT_RETAIN_SELF = YES;
				CLANG_WARN_OBJC_LITERAL_CONVERSION = YES;
				CLANG_WARN_OBJC_ROOT_CLASS = YES_ERROR;
				CLANG_WARN_QUOTED_INCLUDE_IN_FRAMEWORK_HEADER = YES;
				CLANG_WARN_RANGE_LOOP_ANALYSIS = YES;
				CLANG_WARN_STRICT_PROTOTYPES = YES;
				CLANG_WARN_SUSPICIOUS_MOVE = YES;
				CLANG_WARN_UNGUARDED_AVAILABILITY = YES_AGGRESSIVE;
				CLANG_WARN_UNREACHABLE_CODE = YES;
				CLANG_WARN__DUPLICATE_METHOD_MATCH = YES;
				COPY_PHASE_STRIP = NO;
				DEBUG_INFORMATION_FORMAT = dwarf;
				ENABLE_STRICT_OBJC_MSGSEND = YES;
				ENABLE_TESTABILITY = YES;
				GCC_C_LANGUAGE_STANDARD = gnu11;
				GCC_DYNAMIC_NO_PIC = NO;
				GCC_NO_COMMON_BLOCKS = YES;
				GCC_OPTIMIZATION_LEVEL = 0;
				GCC_PREPROCESSOR_DEFINITIONS = (
					"DEBUG=1",
					"$(inherited)",
				);
				GCC_WARN_64_TO_32_BIT_CONVERSION = YES;
				GCC_WARN_ABOUT_RETURN_TYPE = YES_ERROR;
				GCC_WARN_UNDECLARED_SELECTOR = YES;
				GCC_WARN_UNINITIALIZED_AUTOS = YES_AGGRESSIVE;
				GCC_WARN_UNUSED_FUNCTION = YES;
				GCC_WARN_UNUSED_VARIABLE = YES;
				IPHONEOS_DEPLOYMENT_TARGET = 15.0;
				MTL_ENABLE_DEBUG_INFO = INCLUDE_SOURCE;
				MTL_FAST_MATH = YES;
				ONLY_ACTIVE_ARCH = YES;
				SDKROOT = iphoneos;
				SWIFT_ACTIVE_COMPILATION_CONDITIONS = DEBUG;
				SWIFT_OPTIMIZATION_LEVEL = "-Onone";
			};
			name = Debug;
		};
		99F04A5C27F67B1A00C8A16B /* Release */ = {
			isa = XCBuildConfiguration;
			buildSettings = {
				ALWAYS_SEARCH_USER_PATHS = NO;
				CLANG_ANALYZER_NONNULL = YES;
				CLANG_ANALYZER_NUMBER_OBJECT_CONVERSION = YES_AGGRESSIVE;
				CLANG_CXX_LANGUAGE_STANDARD = "gnu++17";
				CLANG_CXX_LIBRARY = "libc++";
				CLANG_ENABLE_MODULES = YES;
				CLANG_ENABLE_OBJC_ARC = YES;
				CLANG_ENABLE_OBJC_WEAK = YES;
				CLANG_WARN_BLOCK_CAPTURE_AUTORELEASING = YES;
				CLANG_WARN_BOOL_CONVERSION = YES;
				CLANG_WARN_COMMA = YES;
				CLANG_WARN_CONSTANT_CONVERSION = YES;
				CLANG_WARN_DEPRECATED_OBJC_IMPLEMENTATIONS = YES;
				CLANG_WARN_DIRECT_OBJC_ISA_USAGE = YES_ERROR;
				CLANG_WARN_DOCUMENTATION_COMMENTS = YES;
				CLANG_WARN_EMPTY_BODY = YES;
				CLANG_WARN_ENUM_CONVERSION = YES;
				CLANG_WARN_INFINITE_RECURSION = YES;
				CLANG_WARN_INT_CONVERSION = YES;
				CLANG_WARN_NON_LITERAL_NULL_CONVERSION = YES;
				CLANG_WARN_OBJC_IMPLICIT_RETAIN_SELF = YES;
				CLANG_WARN_OBJC_LITERAL_CONVERSION = YES;
				CLANG_WARN_OBJC_ROOT_CLASS = YES_ERROR;
				CLANG_WARN_QUOTED_INCLUDE_IN_FRAMEWORK_HEADER = YES;
				CLANG_WARN_RANGE_LOOP_ANALYSIS = YES;
				CLANG_WARN_STRICT_PROTOTYPES = YES;
				CLANG_WARN_SUSPICIOUS_MOVE = YES;
				CLANG_WARN_UNGUARDED_AVAILABILITY = YES_AGGRESSIVE;
				CLANG_WARN_UNREACHABLE_CODE = YES;
				CLANG_WARN__DUPLICATE_METHOD_MATCH = YES;
				COPY_PHASE_STRIP = NO;
				DEBUG_INFORMATION_FORMAT = "dwarf-with-dsym";
				ENABLE_NS_ASSERTIONS = NO;
				ENABLE_STRICT_OBJC_MSGSEND = YES;
				GCC_C_LANGUAGE_STANDARD = gnu11;
				GCC_NO_COMMON_BLOCKS = YES;
				GCC_WARN_64_TO_32_BIT_CONVERSION = YES;
				GCC_WARN_ABOUT_RETURN_TYPE = YES_ERROR;
				GCC_WARN_UNDECLARED_SELECTOR = YES;
				GCC_WARN_UNINITIALIZED_AUTOS = YES_AGGRESSIVE;
				GCC_WARN_UNUSED_FUNCTION = YES;
				GCC_WARN_UNUSED_VARIABLE = YES;
				IPHONEOS_DEPLOYMENT_TARGET = 15.0;
				MTL_ENABLE_DEBUG_INFO = NO;
				MTL_FAST_MATH = YES;
				SDKROOT = iphoneos;
				SWIFT_COMPILATION_MODE = wholemodule;
				SWIFT_OPTIMIZATION_LEVEL = "-O";
				VALIDATE_PRODUCT = YES;
			};
			name = Release;
		};
		99F04A5E27F67B1A00C8A16B /* Debug */ = {
			isa = XCBuildConfiguration;
			buildSettings = {
				ASSETCATALOG_COMPILER_APPICON_NAME = AppIcon;
				ASSETCATALOG_COMPILER_GLOBAL_ACCENT_COLOR_NAME = AccentColor;
				CODE_SIGN_STYLE = Automatic;
				CURRENT_PROJECT_VERSION = 1;
				DEVELOPMENT_ASSET_PATHS = "\"Simple Stopwatch/Preview Content\"";
				DEVELOPMENT_TEAM = KP4PBABC6N;
				ENABLE_PREVIEWS = YES;
				GENERATE_INFOPLIST_FILE = YES;
				INFOPLIST_KEY_UIApplicationSceneManifest_Generation = YES;
				INFOPLIST_KEY_UIApplicationSupportsIndirectInputEvents = YES;
				INFOPLIST_KEY_UILaunchScreen_Generation = YES;
				INFOPLIST_KEY_UISupportedInterfaceOrientations_iPad = "UIInterfaceOrientationPortrait UIInterfaceOrientationPortraitUpsideDown UIInterfaceOrientationLandscapeLeft UIInterfaceOrientationLandscapeRight";
				INFOPLIST_KEY_UISupportedInterfaceOrientations_iPhone = "UIInterfaceOrientationPortrait UIInterfaceOrientationLandscapeLeft UIInterfaceOrientationLandscapeRight";
				IPHONEOS_DEPLOYMENT_TARGET = 14.0;
				LD_RUNPATH_SEARCH_PATHS = (
					"$(inherited)",
					"@executable_path/Frameworks",
				);
				MARKETING_VERSION = 1.0;
				PRODUCT_BUNDLE_IDENTIFIER = "ML.Simple-Stopwatch";
				PRODUCT_NAME = "$(TARGET_NAME)";
				SWIFT_EMIT_LOC_STRINGS = YES;
				SWIFT_VERSION = 5.0;
				TARGETED_DEVICE_FAMILY = "1,2";
			};
			name = Debug;
		};
		99F04A5F27F67B1A00C8A16B /* Release */ = {
			isa = XCBuildConfiguration;
			buildSettings = {
				ASSETCATALOG_COMPILER_APPICON_NAME = AppIcon;
				ASSETCATALOG_COMPILER_GLOBAL_ACCENT_COLOR_NAME = AccentColor;
				CODE_SIGN_STYLE = Automatic;
				CURRENT_PROJECT_VERSION = 1;
				DEVELOPMENT_ASSET_PATHS = "\"Simple Stopwatch/Preview Content\"";
				DEVELOPMENT_TEAM = KP4PBABC6N;
				ENABLE_PREVIEWS = YES;
				GENERATE_INFOPLIST_FILE = YES;
				INFOPLIST_KEY_UIApplicationSceneManifest_Generation = YES;
				INFOPLIST_KEY_UIApplicationSupportsIndirectInputEvents = YES;
				INFOPLIST_KEY_UILaunchScreen_Generation = YES;
				INFOPLIST_KEY_UISupportedInterfaceOrientations_iPad = "UIInterfaceOrientationPortrait UIInterfaceOrientationPortraitUpsideDown UIInterfaceOrientationLandscapeLeft UIInterfaceOrientationLandscapeRight";
				INFOPLIST_KEY_UISupportedInterfaceOrientations_iPhone = "UIInterfaceOrientationPortrait UIInterfaceOrientationLandscapeLeft UIInterfaceOrientationLandscapeRight";
				IPHONEOS_DEPLOYMENT_TARGET = 14.0;
				LD_RUNPATH_SEARCH_PATHS = (
					"$(inherited)",
					"@executable_path/Frameworks",
				);
				MARKETING_VERSION = 1.0;
				PRODUCT_BUNDLE_IDENTIFIER = "ML.Simple-Stopwatch";
				PRODUCT_NAME = "$(TARGET_NAME)";
				SWIFT_EMIT_LOC_STRINGS = YES;
				SWIFT_VERSION = 5.0;
				TARGETED_DEVICE_FAMILY = "1,2";
			};
			name = Release;
		};
		99F04A6127F67B1A00C8A16B /* Debug */ = {
			isa = XCBuildConfiguration;
			buildSettings = {
				ALWAYS_EMBED_SWIFT_STANDARD_LIBRARIES = YES;
				BUNDLE_LOADER = "$(TEST_HOST)";
				CODE_SIGN_STYLE = Automatic;
				CURRENT_PROJECT_VERSION = 1;
				DEVELOPMENT_TEAM = KP4PBABC6N;
				GENERATE_INFOPLIST_FILE = YES;
				IPHONEOS_DEPLOYMENT_TARGET = 14.0;
				LD_RUNPATH_SEARCH_PATHS = (
					"$(inherited)",
					"@executable_path/Frameworks",
					"@loader_path/Frameworks",
				);
				MARKETING_VERSION = 1.0;
				PRODUCT_BUNDLE_IDENTIFIER = "ML.Simple-StopwatchTests";
				PRODUCT_NAME = "$(TARGET_NAME)";
				SWIFT_EMIT_LOC_STRINGS = NO;
				SWIFT_VERSION = 5.0;
				TARGETED_DEVICE_FAMILY = "1,2";
				TEST_HOST = "$(BUILT_PRODUCTS_DIR)/Simple Stopwatch.app/Simple Stopwatch";
			};
			name = Debug;
		};
		99F04A6227F67B1A00C8A16B /* Release */ = {
			isa = XCBuildConfiguration;
			buildSettings = {
				ALWAYS_EMBED_SWIFT_STANDARD_LIBRARIES = YES;
				BUNDLE_LOADER = "$(TEST_HOST)";
				CODE_SIGN_STYLE = Automatic;
				CURRENT_PROJECT_VERSION = 1;
				DEVELOPMENT_TEAM = KP4PBABC6N;
				GENERATE_INFOPLIST_FILE = YES;
				IPHONEOS_DEPLOYMENT_TARGET = 14.0;
				LD_RUNPATH_SEARCH_PATHS = (
					"$(inherited)",
					"@executable_path/Frameworks",
					"@loader_path/Frameworks",
				);
				MARKETING_VERSION = 1.0;
				PRODUCT_BUNDLE_IDENTIFIER = "ML.Simple-StopwatchTests";
				PRODUCT_NAME = "$(TARGET_NAME)";
				SWIFT_EMIT_LOC_STRINGS = NO;
				SWIFT_VERSION = 5.0;
				TARGETED_DEVICE_FAMILY = "1,2";
				TEST_HOST = "$(BUILT_PRODUCTS_DIR)/Simple Stopwatch.app/Simple Stopwatch";
			};
			name = Release;
		};
		99F04A6427F67B1A00C8A16B /* Debug */ = {
			isa = XCBuildConfiguration;
			buildSettings = {
				ALWAYS_EMBED_SWIFT_STANDARD_LIBRARIES = YES;
				CODE_SIGN_STYLE = Automatic;
				CURRENT_PROJECT_VERSION = 1;
				DEVELOPMENT_TEAM = KP4PBABC6N;
				GENERATE_INFOPLIST_FILE = YES;
				LD_RUNPATH_SEARCH_PATHS = (
					"$(inherited)",
					"@executable_path/Frameworks",
					"@loader_path/Frameworks",
				);
				MARKETING_VERSION = 1.0;
				PRODUCT_BUNDLE_IDENTIFIER = "ML.Simple-StopwatchUITests";
				PRODUCT_NAME = "$(TARGET_NAME)";
				SWIFT_EMIT_LOC_STRINGS = NO;
				SWIFT_VERSION = 5.0;
				TARGETED_DEVICE_FAMILY = "1,2";
				TEST_TARGET_NAME = "Simple Stopwatch";
			};
			name = Debug;
		};
		99F04A6527F67B1A00C8A16B /* Release */ = {
			isa = XCBuildConfiguration;
			buildSettings = {
				ALWAYS_EMBED_SWIFT_STANDARD_LIBRARIES = YES;
				CODE_SIGN_STYLE = Automatic;
				CURRENT_PROJECT_VERSION = 1;
				DEVELOPMENT_TEAM = KP4PBABC6N;
				GENERATE_INFOPLIST_FILE = YES;
				LD_RUNPATH_SEARCH_PATHS = (
					"$(inherited)",
					"@executable_path/Frameworks",
					"@loader_path/Frameworks",
				);
				MARKETING_VERSION = 1.0;
				PRODUCT_BUNDLE_IDENTIFIER = "ML.Simple-StopwatchUITests";
				PRODUCT_NAME = "$(TARGET_NAME)";
				SWIFT_EMIT_LOC_STRINGS = NO;
				SWIFT_VERSION = 5.0;
				TARGETED_DEVICE_FAMILY = "1,2";
				TEST_TARGET_NAME = "Simple Stopwatch";
			};
			name = Release;
		};
/* End XCBuildConfiguration section */

/* Begin XCConfigurationList section */
		99F04A3427F67B1900C8A16B /* Build configuration list for PBXProject "Simple Stopwatch" */ = {
			isa = XCConfigurationList;
			buildConfigurations = (
				99F04A5B27F67B1A00C8A16B /* Debug */,
				99F04A5C27F67B1A00C8A16B /* Release */,
			);
			defaultConfigurationIsVisible = 0;
			defaultConfigurationName = Release;
		};
		99F04A5D27F67B1A00C8A16B /* Build configuration list for PBXNativeTarget "Simple Stopwatch" */ = {
			isa = XCConfigurationList;
			buildConfigurations = (
				99F04A5E27F67B1A00C8A16B /* Debug */,
				99F04A5F27F67B1A00C8A16B /* Release */,
			);
			defaultConfigurationIsVisible = 0;
			defaultConfigurationName = Release;
		};
		99F04A6027F67B1A00C8A16B /* Build configuration list for PBXNativeTarget "Simple StopwatchTests" */ = {
			isa = XCConfigurationList;
			buildConfigurations = (
				99F04A6127F67B1A00C8A16B /* Debug */,
				99F04A6227F67B1A00C8A16B /* Release */,
			);
			defaultConfigurationIsVisible = 0;
			defaultConfigurationName = Release;
		};
		99F04A6327F67B1A00C8A16B /* Build configuration list for PBXNativeTarget "Simple StopwatchUITests" */ = {
			isa = XCConfigurationList;
			buildConfigurations = (
				99F04A6427F67B1A00C8A16B /* Debug */,
				99F04A6527F67B1A00C8A16B /* Release */,
			);
			defaultConfigurationIsVisible = 0;
			defaultConfigurationName = Release;
		};
/* End XCConfigurationList section */
	};
	rootObject = 99F04A3127F67B1900C8A16B /* Project object */;
}
